// !$*UTF8*$!
{
	archiveVersion = 1;
	classes = {
	};
	objectVersion = 50;
	objects = {

/* Begin PBXBuildFile section */
		1117D0E3BB197AD2FD9E05F0 /* Data.swift in Sources */ = {isa = PBXBuildFile; fileRef = 1117D968994A4DED5D37C704 /* Data.swift */; };
		1117D51E7E6725893C595B2B /* DocFixer.swift in Sources */ = {isa = PBXBuildFile; fileRef = 1117D443A634A0C26EA17BE4 /* DocFixer.swift */; };
		1117D96D85DFEF14F3C41A9D /* html.swift in Sources */ = {isa = PBXBuildFile; fileRef = 1117DA7ADB70E03186030641 /* html.swift */; };
		1117DB75B1882950FFC424B1 /* Stuff.swift in Sources */ = {isa = PBXBuildFile; fileRef = 1117D7FAE545175D2FDBF113 /* Stuff.swift */; };
		83ECEA65243F7B42004BB0FD /* PGDocFixer.framework in Frameworks */ = {isa = PBXBuildFile; fileRef = 83ECEA5B243F7B42004BB0FD /* PGDocFixer.framework */; };
		83ECEA6A243F7B42004BB0FD /* PGDocFixerTests.swift in Sources */ = {isa = PBXBuildFile; fileRef = 83ECEA69243F7B42004BB0FD /* PGDocFixerTests.swift */; };
		83ECEA6C243F7B42004BB0FD /* PGDocFixer.h in Headers */ = {isa = PBXBuildFile; fileRef = 83ECEA5E243F7B42004BB0FD /* PGDocFixer.h */; settings = {ATTRIBUTES = (Public, ); }; };
/* End PBXBuildFile section */

/* Begin PBXContainerItemProxy section */
		83ECEA66243F7B42004BB0FD /* PBXContainerItemProxy */ = {
			isa = PBXContainerItemProxy;
			containerPortal = 83ECEA52243F7B42004BB0FD /* Project object */;
			proxyType = 1;
			remoteGlobalIDString = 83ECEA5A243F7B42004BB0FD;
			remoteInfo = PGDocFixer;
		};
/* End PBXContainerItemProxy section */

/* Begin PBXFileReference section */
		1117D1BBF5134CFA7C12C568 /* build.sh */ = {isa = PBXFileReference; fileEncoding = 4; lastKnownFileType = text.script.sh; path = build.sh; sourceTree = "<group>"; };
		1117D443A634A0C26EA17BE4 /* DocFixer.swift */ = {isa = PBXFileReference; fileEncoding = 4; lastKnownFileType = sourcecode.swift; path = DocFixer.swift; sourceTree = "<group>"; };
		1117D7FAE545175D2FDBF113 /* Stuff.swift */ = {isa = PBXFileReference; fileEncoding = 4; lastKnownFileType = sourcecode.swift; path = Stuff.swift; sourceTree = "<group>"; };
		1117D968994A4DED5D37C704 /* Data.swift */ = {isa = PBXFileReference; fileEncoding = 4; lastKnownFileType = sourcecode.swift; path = Data.swift; sourceTree = "<group>"; };
		1117DA7ADB70E03186030641 /* html.swift */ = {isa = PBXFileReference; fileEncoding = 4; lastKnownFileType = sourcecode.swift; path = html.swift; sourceTree = "<group>"; };
		83ECEA5B243F7B42004BB0FD /* PGDocFixer.framework */ = {isa = PBXFileReference; explicitFileType = wrapper.framework; includeInIndex = 0; path = PGDocFixer.framework; sourceTree = BUILT_PRODUCTS_DIR; };
		83ECEA5E243F7B42004BB0FD /* PGDocFixer.h */ = {isa = PBXFileReference; lastKnownFileType = sourcecode.c.h; path = PGDocFixer.h; sourceTree = "<group>"; };
		83ECEA5F243F7B42004BB0FD /* Info.plist */ = {isa = PBXFileReference; lastKnownFileType = text.plist.xml; path = Info.plist; sourceTree = "<group>"; };
		83ECEA64243F7B42004BB0FD /* PGDocFixerTests.xctest */ = {isa = PBXFileReference; explicitFileType = wrapper.cfbundle; includeInIndex = 0; path = PGDocFixerTests.xctest; sourceTree = BUILT_PRODUCTS_DIR; };
		83ECEA69243F7B42004BB0FD /* PGDocFixerTests.swift */ = {isa = PBXFileReference; lastKnownFileType = sourcecode.swift; path = PGDocFixerTests.swift; sourceTree = "<group>"; };
		83ECEA6B243F7B42004BB0FD /* Info.plist */ = {isa = PBXFileReference; lastKnownFileType = text.plist.xml; path = Info.plist; sourceTree = "<group>"; };
/* End PBXFileReference section */

/* Begin PBXFrameworksBuildPhase section */
		83ECEA58243F7B42004BB0FD /* Frameworks */ = {
			isa = PBXFrameworksBuildPhase;
			buildActionMask = 2147483647;
			files = (
			);
			runOnlyForDeploymentPostprocessing = 0;
		};
		83ECEA61243F7B42004BB0FD /* Frameworks */ = {
			isa = PBXFrameworksBuildPhase;
			buildActionMask = 2147483647;
			files = (
				83ECEA65243F7B42004BB0FD /* PGDocFixer.framework in Frameworks */,
			);
			runOnlyForDeploymentPostprocessing = 0;
		};
/* End PBXFrameworksBuildPhase section */

/* Begin PBXGroup section */
		1117DF57D63FABB23E7EA904 /* Source */ = {
			isa = PBXGroup;
			children = (
				1117D443A634A0C26EA17BE4 /* DocFixer.swift */,
				1117DA7ADB70E03186030641 /* html.swift */,
				1117D7FAE545175D2FDBF113 /* Stuff.swift */,
			);
			path = Source;
			sourceTree = "<group>";
		};
		83ECEA51243F7B42004BB0FD = {
			isa = PBXGroup;
			children = (
				83ECEA5D243F7B42004BB0FD /* PGDocFixer */,
				83ECEA68243F7B42004BB0FD /* PGDocFixerTests */,
				83ECEA5C243F7B42004BB0FD /* Products */,
				1117D1BBF5134CFA7C12C568 /* build.sh */,
			);
			sourceTree = "<group>";
		};
		83ECEA5C243F7B42004BB0FD /* Products */ = {
			isa = PBXGroup;
			children = (
				83ECEA5B243F7B42004BB0FD /* PGDocFixer.framework */,
				83ECEA64243F7B42004BB0FD /* PGDocFixerTests.xctest */,
			);
			name = Products;
			sourceTree = "<group>";
		};
		83ECEA5D243F7B42004BB0FD /* PGDocFixer */ = {
			isa = PBXGroup;
			children = (
				83ECEA5E243F7B42004BB0FD /* PGDocFixer.h */,
				83ECEA5F243F7B42004BB0FD /* Info.plist */,
				1117DF57D63FABB23E7EA904 /* Source */,
			);
			path = PGDocFixer;
			sourceTree = "<group>";
		};
		83ECEA68243F7B42004BB0FD /* PGDocFixerTests */ = {
			isa = PBXGroup;
			children = (
				83ECEA69243F7B42004BB0FD /* PGDocFixerTests.swift */,
				83ECEA6B243F7B42004BB0FD /* Info.plist */,
				1117D968994A4DED5D37C704 /* Data.swift */,
			);
			path = PGDocFixerTests;
			sourceTree = "<group>";
		};
/* End PBXGroup section */

/* Begin PBXHeadersBuildPhase section */
		83ECEA56243F7B42004BB0FD /* Headers */ = {
			isa = PBXHeadersBuildPhase;
			buildActionMask = 2147483647;
			files = (
				83ECEA6C243F7B42004BB0FD /* PGDocFixer.h in Headers */,
			);
			runOnlyForDeploymentPostprocessing = 0;
		};
/* End PBXHeadersBuildPhase section */

/* Begin PBXNativeTarget section */
		83ECEA5A243F7B42004BB0FD /* PGDocFixer */ = {
			isa = PBXNativeTarget;
			buildConfigurationList = 83ECEA6F243F7B42004BB0FD /* Build configuration list for PBXNativeTarget "PGDocFixer" */;
			buildPhases = (
				83ECEA56243F7B42004BB0FD /* Headers */,
				83ECEA57243F7B42004BB0FD /* Sources */,
				83ECEA58243F7B42004BB0FD /* Frameworks */,
				83ECEA59243F7B42004BB0FD /* Resources */,
			);
			buildRules = (
			);
			dependencies = (
			);
			name = PGDocFixer;
			productName = PGDocFixer;
			productReference = 83ECEA5B243F7B42004BB0FD /* PGDocFixer.framework */;
			productType = "com.apple.product-type.framework";
		};
		83ECEA63243F7B42004BB0FD /* PGDocFixerTests */ = {
			isa = PBXNativeTarget;
			buildConfigurationList = 83ECEA72243F7B42004BB0FD /* Build configuration list for PBXNativeTarget "PGDocFixerTests" */;
			buildPhases = (
				83ECEA60243F7B42004BB0FD /* Sources */,
				83ECEA61243F7B42004BB0FD /* Frameworks */,
				83ECEA62243F7B42004BB0FD /* Resources */,
			);
			buildRules = (
			);
			dependencies = (
				83ECEA67243F7B42004BB0FD /* PBXTargetDependency */,
			);
			name = PGDocFixerTests;
			productName = PGDocFixerTests;
			productReference = 83ECEA64243F7B42004BB0FD /* PGDocFixerTests.xctest */;
			productType = "com.apple.product-type.bundle.unit-test";
		};
/* End PBXNativeTarget section */

/* Begin PBXProject section */
		83ECEA52243F7B42004BB0FD /* Project object */ = {
			isa = PBXProject;
			attributes = {
				LastSwiftUpdateCheck = 1140;
				LastUpgradeCheck = 1140;
				ORGANIZATIONNAME = "Project Galen";
				TargetAttributes = {
					83ECEA5A243F7B42004BB0FD = {
						CreatedOnToolsVersion = 11.4;
					};
					83ECEA63243F7B42004BB0FD = {
						CreatedOnToolsVersion = 11.4;
					};
				};
			};
			buildConfigurationList = 83ECEA55243F7B42004BB0FD /* Build configuration list for PBXProject "PGDocFixer" */;
			compatibilityVersion = "Xcode 9.3";
			developmentRegion = en;
			hasScannedForEncodings = 0;
			knownRegions = (
				en,
				Base,
			);
			mainGroup = 83ECEA51243F7B42004BB0FD;
			productRefGroup = 83ECEA5C243F7B42004BB0FD /* Products */;
			projectDirPath = "";
			projectRoot = "";
			targets = (
				83ECEA5A243F7B42004BB0FD /* PGDocFixer */,
				83ECEA63243F7B42004BB0FD /* PGDocFixerTests */,
			);
		};
/* End PBXProject section */

/* Begin PBXResourcesBuildPhase section */
		83ECEA59243F7B42004BB0FD /* Resources */ = {
			isa = PBXResourcesBuildPhase;
			buildActionMask = 2147483647;
			files = (
			);
			runOnlyForDeploymentPostprocessing = 0;
		};
		83ECEA62243F7B42004BB0FD /* Resources */ = {
			isa = PBXResourcesBuildPhase;
			buildActionMask = 2147483647;
			files = (
			);
			runOnlyForDeploymentPostprocessing = 0;
		};
/* End PBXResourcesBuildPhase section */

/* Begin PBXSourcesBuildPhase section */
		83ECEA57243F7B42004BB0FD /* Sources */ = {
			isa = PBXSourcesBuildPhase;
			buildActionMask = 2147483647;
			files = (
				1117D51E7E6725893C595B2B /* DocFixer.swift in Sources */,
				1117D96D85DFEF14F3C41A9D /* html.swift in Sources */,
				1117DB75B1882950FFC424B1 /* Stuff.swift in Sources */,
			);
			runOnlyForDeploymentPostprocessing = 0;
		};
		83ECEA60243F7B42004BB0FD /* Sources */ = {
			isa = PBXSourcesBuildPhase;
			buildActionMask = 2147483647;
			files = (
				83ECEA6A243F7B42004BB0FD /* PGDocFixerTests.swift in Sources */,
				1117D0E3BB197AD2FD9E05F0 /* Data.swift in Sources */,
			);
			runOnlyForDeploymentPostprocessing = 0;
		};
/* End PBXSourcesBuildPhase section */

/* Begin PBXTargetDependency section */
		83ECEA67243F7B42004BB0FD /* PBXTargetDependency */ = {
			isa = PBXTargetDependency;
			target = 83ECEA5A243F7B42004BB0FD /* PGDocFixer */;
			targetProxy = 83ECEA66243F7B42004BB0FD /* PBXContainerItemProxy */;
		};
/* End PBXTargetDependency section */

/* Begin XCBuildConfiguration section */
		83ECEA6D243F7B42004BB0FD /* Debug */ = {
			isa = XCBuildConfiguration;
			buildSettings = {
				ALWAYS_SEARCH_USER_PATHS = NO;
				CLANG_ANALYZER_NONNULL = YES;
				CLANG_ANALYZER_NUMBER_OBJECT_CONVERSION = YES_AGGRESSIVE;
				CLANG_CXX_LANGUAGE_STANDARD = "gnu++14";
				CLANG_CXX_LIBRARY = "libc++";
				CLANG_ENABLE_MODULES = YES;
				CLANG_ENABLE_OBJC_ARC = YES;
				CLANG_ENABLE_OBJC_WEAK = YES;
				CLANG_WARN_BLOCK_CAPTURE_AUTORELEASING = YES;
				CLANG_WARN_BOOL_CONVERSION = YES;
				CLANG_WARN_COMMA = YES;
				CLANG_WARN_CONSTANT_CONVERSION = YES;
				CLANG_WARN_DEPRECATED_OBJC_IMPLEMENTATIONS = YES;
				CLANG_WARN_DIRECT_OBJC_ISA_USAGE = YES_ERROR;
				CLANG_WARN_DOCUMENTATION_COMMENTS = YES;
				CLANG_WARN_EMPTY_BODY = YES;
				CLANG_WARN_ENUM_CONVERSION = YES;
				CLANG_WARN_INFINITE_RECURSION = YES;
				CLANG_WARN_INT_CONVERSION = YES;
				CLANG_WARN_NON_LITERAL_NULL_CONVERSION = YES;
				CLANG_WARN_OBJC_IMPLICIT_RETAIN_SELF = YES;
				CLANG_WARN_OBJC_LITERAL_CONVERSION = YES;
				CLANG_WARN_OBJC_ROOT_CLASS = YES_ERROR;
				CLANG_WARN_RANGE_LOOP_ANALYSIS = YES;
				CLANG_WARN_STRICT_PROTOTYPES = YES;
				CLANG_WARN_SUSPICIOUS_MOVE = YES;
				CLANG_WARN_UNGUARDED_AVAILABILITY = YES_AGGRESSIVE;
				CLANG_WARN_UNREACHABLE_CODE = YES;
				CLANG_WARN__DUPLICATE_METHOD_MATCH = YES;
				COPY_PHASE_STRIP = NO;
				CURRENT_PROJECT_VERSION = 1;
				DEBUG_INFORMATION_FORMAT = dwarf;
				ENABLE_STRICT_OBJC_MSGSEND = YES;
				ENABLE_TESTABILITY = YES;
				GCC_C_LANGUAGE_STANDARD = gnu11;
				GCC_DYNAMIC_NO_PIC = NO;
				GCC_NO_COMMON_BLOCKS = YES;
				GCC_OPTIMIZATION_LEVEL = 0;
				GCC_PREPROCESSOR_DEFINITIONS = (
					"DEBUG=1",
					"$(inherited)",
				);
				GCC_WARN_64_TO_32_BIT_CONVERSION = YES;
				GCC_WARN_ABOUT_RETURN_TYPE = YES_ERROR;
				GCC_WARN_UNDECLARED_SELECTOR = YES;
				GCC_WARN_UNINITIALIZED_AUTOS = YES_AGGRESSIVE;
				GCC_WARN_UNUSED_FUNCTION = YES;
				GCC_WARN_UNUSED_VARIABLE = YES;
				MACOSX_DEPLOYMENT_TARGET = 10.15;
				MTL_ENABLE_DEBUG_INFO = INCLUDE_SOURCE;
				MTL_FAST_MATH = YES;
				ONLY_ACTIVE_ARCH = YES;
				SDKROOT = macosx;
				SWIFT_ACTIVE_COMPILATION_CONDITIONS = DEBUG;
				SWIFT_OPTIMIZATION_LEVEL = "-Onone";
				VERSIONING_SYSTEM = "apple-generic";
				VERSION_INFO_PREFIX = "";
			};
			name = Debug;
		};
		83ECEA6E243F7B42004BB0FD /* Release */ = {
			isa = XCBuildConfiguration;
			buildSettings = {
				ALWAYS_SEARCH_USER_PATHS = NO;
				CLANG_ANALYZER_NONNULL = YES;
				CLANG_ANALYZER_NUMBER_OBJECT_CONVERSION = YES_AGGRESSIVE;
				CLANG_CXX_LANGUAGE_STANDARD = "gnu++14";
				CLANG_CXX_LIBRARY = "libc++";
				CLANG_ENABLE_MODULES = YES;
				CLANG_ENABLE_OBJC_ARC = YES;
				CLANG_ENABLE_OBJC_WEAK = YES;
				CLANG_WARN_BLOCK_CAPTURE_AUTORELEASING = YES;
				CLANG_WARN_BOOL_CONVERSION = YES;
				CLANG_WARN_COMMA = YES;
				CLANG_WARN_CONSTANT_CONVERSION = YES;
				CLANG_WARN_DEPRECATED_OBJC_IMPLEMENTATIONS = YES;
				CLANG_WARN_DIRECT_OBJC_ISA_USAGE = YES_ERROR;
				CLANG_WARN_DOCUMENTATION_COMMENTS = YES;
				CLANG_WARN_EMPTY_BODY = YES;
				CLANG_WARN_ENUM_CONVERSION = YES;
				CLANG_WARN_INFINITE_RECURSION = YES;
				CLANG_WARN_INT_CONVERSION = YES;
				CLANG_WARN_NON_LITERAL_NULL_CONVERSION = YES;
				CLANG_WARN_OBJC_IMPLICIT_RETAIN_SELF = YES;
				CLANG_WARN_OBJC_LITERAL_CONVERSION = YES;
				CLANG_WARN_OBJC_ROOT_CLASS = YES_ERROR;
				CLANG_WARN_RANGE_LOOP_ANALYSIS = YES;
				CLANG_WARN_STRICT_PROTOTYPES = YES;
				CLANG_WARN_SUSPICIOUS_MOVE = YES;
				CLANG_WARN_UNGUARDED_AVAILABILITY = YES_AGGRESSIVE;
				CLANG_WARN_UNREACHABLE_CODE = YES;
				CLANG_WARN__DUPLICATE_METHOD_MATCH = YES;
				COPY_PHASE_STRIP = NO;
				CURRENT_PROJECT_VERSION = 1;
				DEBUG_INFORMATION_FORMAT = "dwarf-with-dsym";
				ENABLE_NS_ASSERTIONS = NO;
				ENABLE_STRICT_OBJC_MSGSEND = YES;
				GCC_C_LANGUAGE_STANDARD = gnu11;
				GCC_NO_COMMON_BLOCKS = YES;
				GCC_WARN_64_TO_32_BIT_CONVERSION = YES;
				GCC_WARN_ABOUT_RETURN_TYPE = YES_ERROR;
				GCC_WARN_UNDECLARED_SELECTOR = YES;
				GCC_WARN_UNINITIALIZED_AUTOS = YES_AGGRESSIVE;
				GCC_WARN_UNUSED_FUNCTION = YES;
				GCC_WARN_UNUSED_VARIABLE = YES;
				MACOSX_DEPLOYMENT_TARGET = 10.15;
				MTL_ENABLE_DEBUG_INFO = NO;
				MTL_FAST_MATH = YES;
				SDKROOT = macosx;
				SWIFT_COMPILATION_MODE = wholemodule;
				SWIFT_OPTIMIZATION_LEVEL = "-O";
				VERSIONING_SYSTEM = "apple-generic";
				VERSION_INFO_PREFIX = "";
			};
			name = Release;
		};
		83ECEA70243F7B42004BB0FD /* Debug */ = {
			isa = XCBuildConfiguration;
			buildSettings = {
				CODE_SIGN_STYLE = Automatic;
				COMBINE_HIDPI_IMAGES = YES;
				DEFINES_MODULE = YES;
				DEVELOPMENT_TEAM = Q5XWZ7S7E9;
				DYLIB_COMPATIBILITY_VERSION = 1;
				DYLIB_CURRENT_VERSION = 1;
				DYLIB_INSTALL_NAME_BASE = "@rpath";
				INFOPLIST_FILE = PGDocFixer/Info.plist;
				INSTALL_PATH = "$(LOCAL_LIBRARY_DIR)/Frameworks";
				LD_RUNPATH_SEARCH_PATHS = (
					"$(inherited)",
					"@executable_path/../Frameworks",
					"@loader_path/Frameworks",
				);
				PRODUCT_BUNDLE_IDENTIFIER = com.projectgalen.PGDocFixer;
				PRODUCT_NAME = "$(TARGET_NAME:c99extidentifier)";
				SKIP_INSTALL = YES;
				SWIFT_VERSION = 5.0;
			};
			name = Debug;
		};
		83ECEA71243F7B42004BB0FD /* Release */ = {
			isa = XCBuildConfiguration;
			buildSettings = {
				CODE_SIGN_STYLE = Automatic;
				COMBINE_HIDPI_IMAGES = YES;
				DEFINES_MODULE = YES;
				DEVELOPMENT_TEAM = Q5XWZ7S7E9;
				DYLIB_COMPATIBILITY_VERSION = 1;
				DYLIB_CURRENT_VERSION = 1;
				DYLIB_INSTALL_NAME_BASE = "@rpath";
				INFOPLIST_FILE = PGDocFixer/Info.plist;
				INSTALL_PATH = "$(LOCAL_LIBRARY_DIR)/Frameworks";
				LD_RUNPATH_SEARCH_PATHS = (
					"$(inherited)",
					"@executable_path/../Frameworks",
					"@loader_path/Frameworks",
				);
				PRODUCT_BUNDLE_IDENTIFIER = com.projectgalen.PGDocFixer;
				PRODUCT_NAME = "$(TARGET_NAME:c99extidentifier)";
				SKIP_INSTALL = YES;
				SWIFT_VERSION = 5.0;
			};
			name = Release;
		};
		83ECEA73243F7B42004BB0FD /* Debug */ = {
			isa = XCBuildConfiguration;
			buildSettings = {
				CODE_SIGN_STYLE = Automatic;
				COMBINE_HIDPI_IMAGES = YES;
				DEVELOPMENT_TEAM = Q5XWZ7S7E9;
				INFOPLIST_FILE = PGDocFixerTests/Info.plist;
				LD_RUNPATH_SEARCH_PATHS = (
					"$(inherited)",
					"@executable_path/../Frameworks",
					"@loader_path/../Frameworks",
				);
				PRODUCT_BUNDLE_IDENTIFIER = com.projectgalen.PGDocFixerTests;
				PRODUCT_NAME = "$(TARGET_NAME)";
				SWIFT_VERSION = 5.0;
			};
			name = Debug;
		};
		83ECEA74243F7B42004BB0FD /* Release */ = {
			isa = XCBuildConfiguration;
			buildSettings = {
				CODE_SIGN_STYLE = Automatic;
				COMBINE_HIDPI_IMAGES = YES;
				DEVELOPMENT_TEAM = Q5XWZ7S7E9;
				INFOPLIST_FILE = PGDocFixerTests/Info.plist;
				LD_RUNPATH_SEARCH_PATHS = (
					"$(inherited)",
					"@executable_path/../Frameworks",
					"@loader_path/../Frameworks",
				);
				PRODUCT_BUNDLE_IDENTIFIER = com.projectgalen.PGDocFixerTests;
				PRODUCT_NAME = "$(TARGET_NAME)";
				SWIFT_VERSION = 5.0;
			};
			name = Release;
		};
/* End XCBuildConfiguration section */

/* Begin XCConfigurationList section */
		83ECEA55243F7B42004BB0FD /* Build configuration list for PBXProject "PGDocFixer" */ = {
			isa = XCConfigurationList;
			buildConfigurations = (
				83ECEA6D243F7B42004BB0FD /* Debug */,
				83ECEA6E243F7B42004BB0FD /* Release */,
			);
			defaultConfigurationIsVisible = 0;
			defaultConfigurationName = Release;
		};
		83ECEA6F243F7B42004BB0FD /* Build configuration list for PBXNativeTarget "PGDocFixer" */ = {
			isa = XCConfigurationList;
			buildConfigurations = (
				83ECEA70243F7B42004BB0FD /* Debug */,
				83ECEA71243F7B42004BB0FD /* Release */,
			);
			defaultConfigurationIsVisible = 0;
			defaultConfigurationName = Release;
		};
		83ECEA72243F7B42004BB0FD /* Build configuration list for PBXNativeTarget "PGDocFixerTests" */ = {
			isa = XCConfigurationList;
			buildConfigurations = (
				83ECEA73243F7B42004BB0FD /* Debug */,
				83ECEA74243F7B42004BB0FD /* Release */,
			);
			defaultConfigurationIsVisible = 0;
			defaultConfigurationName = Release;
		};
/* End XCConfigurationList section */
	};
	rootObject = 83ECEA52243F7B42004BB0FD /* Project object */;
}
